
Microsoft Visual Studio Solution File, Format Version 12.00
# Visual Studio Version 17
VisualStudioVersion = 17.0.31903.59
MinimumVisualStudioVersion = 10.0.40219.1
Project("{FAE04EC0-301F-11D3-BF4B-00C04F79EFBC}") = "Emplyx.WebApp", "Emplyx.WebApp\Emplyx.WebApp.csproj", "{BE05D39D-82AC-414B-B37D-47C1300A97FE}"
EndProject
Project("{FAE04EC0-301F-11D3-BF4B-00C04F79EFBC}") = "Emplyx.Shared", "Emplyx.Shared\Emplyx.Shared.csproj", "{AC76878E-3D14-4310-84CE-9C6AEB4DF058}"
EndProject
Project("{FAE04EC0-301F-11D3-BF4B-00C04F79EFBC}") = "Emplyx.Domain", "Emplyx.Domain\Emplyx.Domain.csproj", "{4D7F88FB-5590-4CFD-AA0F-E824B225E3F5}"
EndProject
Project("{FAE04EC0-301F-11D3-BF4B-00C04F79EFBC}") = "Emplyx.Infrastructure", "Emplyx.Infrastructure\Emplyx.Infrastructure.csproj", "{04614D5F-531F-48FE-B1C7-2993F22756B0}"
EndProject
Project("{FAE04EC0-301F-11D3-BF4B-00C04F79EFBC}") = "Emplyx.Application", "Emplyx.Application\Emplyx.Application.csproj", "{A664A587-4523-49A3-84D3-96D72AAB81DA}"
EndProject
Project("{FAE04EC0-301F-11D3-BF4B-00C04F79EFBC}") = "Emplyx.ApiAdapter", "Emplyx.ApiAdapter\Emplyx.ApiAdapter.csproj", "{27581187-7E29-4884-A867-0230390752DF}"
EndProject
Project("{FAE04EC0-301F-11D3-BF4B-00C04F79EFBC}") = "Emplyx.Tests", "Emplyx.Tests\Emplyx.Tests.csproj", "{07E51DE7-B345-421B-8221-54AA245DD41D}"
EndProject
Global
	GlobalSection(SolutionConfigurationPlatforms) = preSolution
		Debug|Any CPU = Debug|Any CPU
		Debug|x64 = Debug|x64
		Debug|x86 = Debug|x86
		Release|Any CPU = Release|Any CPU
		Release|x64 = Release|x64
		Release|x86 = Release|x86
	EndGlobalSection
	GlobalSection(ProjectConfigurationPlatforms) = postSolution
		{BE05D39D-82AC-414B-B37D-47C1300A97FE}.Debug|Any CPU.ActiveCfg = Debug|Any CPU
		{BE05D39D-82AC-414B-B37D-47C1300A97FE}.Debug|Any CPU.Build.0 = Debug|Any CPU
		{BE05D39D-82AC-414B-B37D-47C1300A97FE}.Debug|x64.ActiveCfg = Debug|Any CPU
		{BE05D39D-82AC-414B-B37D-47C1300A97FE}.Debug|x64.Build.0 = Debug|Any CPU
		{BE05D39D-82AC-414B-B37D-47C1300A97FE}.Debug|x86.ActiveCfg = Debug|Any CPU
		{BE05D39D-82AC-414B-B37D-47C1300A97FE}.Debug|x86.Build.0 = Debug|Any CPU
		{BE05D39D-82AC-414B-B37D-47C1300A97FE}.Release|Any CPU.ActiveCfg = Release|Any CPU
		{BE05D39D-82AC-414B-B37D-47C1300A97FE}.Release|Any CPU.Build.0 = Release|Any CPU
		{BE05D39D-82AC-414B-B37D-47C1300A97FE}.Release|x64.ActiveCfg = Release|Any CPU
		{BE05D39D-82AC-414B-B37D-47C1300A97FE}.Release|x64.Build.0 = Release|Any CPU
		{BE05D39D-82AC-414B-B37D-47C1300A97FE}.Release|x86.ActiveCfg = Release|Any CPU
		{BE05D39D-82AC-414B-B37D-47C1300A97FE}.Release|x86.Build.0 = Release|Any CPU
		{AC76878E-3D14-4310-84CE-9C6AEB4DF058}.Debug|Any CPU.ActiveCfg = Debug|Any CPU
		{AC76878E-3D14-4310-84CE-9C6AEB4DF058}.Debug|Any CPU.Build.0 = Debug|Any CPU
		{AC76878E-3D14-4310-84CE-9C6AEB4DF058}.Debug|x64.ActiveCfg = Debug|Any CPU
		{AC76878E-3D14-4310-84CE-9C6AEB4DF058}.Debug|x64.Build.0 = Debug|Any CPU
		{AC76878E-3D14-4310-84CE-9C6AEB4DF058}.Debug|x86.ActiveCfg = Debug|Any CPU
		{AC76878E-3D14-4310-84CE-9C6AEB4DF058}.Debug|x86.Build.0 = Debug|Any CPU
		{AC76878E-3D14-4310-84CE-9C6AEB4DF058}.Release|Any CPU.ActiveCfg = Release|Any CPU
		{AC76878E-3D14-4310-84CE-9C6AEB4DF058}.Release|Any CPU.Build.0 = Release|Any CPU
		{AC76878E-3D14-4310-84CE-9C6AEB4DF058}.Release|x64.ActiveCfg = Release|Any CPU
		{AC76878E-3D14-4310-84CE-9C6AEB4DF058}.Release|x64.Build.0 = Release|Any CPU
		{AC76878E-3D14-4310-84CE-9C6AEB4DF058}.Release|x86.ActiveCfg = Release|Any CPU
		{AC76878E-3D14-4310-84CE-9C6AEB4DF058}.Release|x86.Build.0 = Release|Any CPU
		{4D7F88FB-5590-4CFD-AA0F-E824B225E3F5}.Debug|Any CPU.ActiveCfg = Debug|Any CPU
		{4D7F88FB-5590-4CFD-AA0F-E824B225E3F5}.Debug|Any CPU.Build.0 = Debug|Any CPU
		{4D7F88FB-5590-4CFD-AA0F-E824B225E3F5}.Debug|x64.ActiveCfg = Debug|Any CPU
		{4D7F88FB-5590-4CFD-AA0F-E824B225E3F5}.Debug|x64.Build.0 = Debug|Any CPU
		{4D7F88FB-5590-4CFD-AA0F-E824B225E3F5}.Debug|x86.ActiveCfg = Debug|Any CPU
		{4D7F88FB-5590-4CFD-AA0F-E824B225E3F5}.Debug|x86.Build.0 = Debug|Any CPU
		{4D7F88FB-5590-4CFD-AA0F-E824B225E3F5}.Release|Any CPU.ActiveCfg = Release|Any CPU
		{4D7F88FB-5590-4CFD-AA0F-E824B225E3F5}.Release|Any CPU.Build.0 = Release|Any CPU
		{4D7F88FB-5590-4CFD-AA0F-E824B225E3F5}.Release|x64.ActiveCfg = Release|Any CPU
		{4D7F88FB-5590-4CFD-AA0F-E824B225E3F5}.Release|x64.Build.0 = Release|Any CPU
		{4D7F88FB-5590-4CFD-AA0F-E824B225E3F5}.Release|x86.ActiveCfg = Release|Any CPU
		{4D7F88FB-5590-4CFD-AA0F-E824B225E3F5}.Release|x86.Build.0 = Release|Any CPU
		{04614D5F-531F-48FE-B1C7-2993F22756B0}.Debug|Any CPU.ActiveCfg = Debug|Any CPU
		{04614D5F-531F-48FE-B1C7-2993F22756B0}.Debug|Any CPU.Build.0 = Debug|Any CPU
		{04614D5F-531F-48FE-B1C7-2993F22756B0}.Debug|x64.ActiveCfg = Debug|Any CPU
		{04614D5F-531F-48FE-B1C7-2993F22756B0}.Debug|x64.Build.0 = Debug|Any CPU
		{04614D5F-531F-48FE-B1C7-2993F22756B0}.Debug|x86.ActiveCfg = Debug|Any CPU
		{04614D5F-531F-48FE-B1C7-2993F22756B0}.Debug|x86.Build.0 = Debug|Any CPU
		{04614D5F-531F-48FE-B1C7-2993F22756B0}.Release|Any CPU.ActiveCfg = Release|Any CPU
		{04614D5F-531F-48FE-B1C7-2993F22756B0}.Release|Any CPU.Build.0 = Release|Any CPU
		{04614D5F-531F-48FE-B1C7-2993F22756B0}.Release|x64.ActiveCfg = Release|Any CPU
		{04614D5F-531F-48FE-B1C7-2993F22756B0}.Release|x64.Build.0 = Release|Any CPU
		{04614D5F-531F-48FE-B1C7-2993F22756B0}.Release|x86.ActiveCfg = Release|Any CPU
		{04614D5F-531F-48FE-B1C7-2993F22756B0}.Release|x86.Build.0 = Release|Any CPU
		{A664A587-4523-49A3-84D3-96D72AAB81DA}.Debug|Any CPU.ActiveCfg = Debug|Any CPU
		{A664A587-4523-49A3-84D3-96D72AAB81DA}.Debug|Any CPU.Build.0 = Debug|Any CPU
		{A664A587-4523-49A3-84D3-96D72AAB81DA}.Debug|x64.ActiveCfg = Debug|Any CPU
		{A664A587-4523-49A3-84D3-96D72AAB81DA}.Debug|x64.Build.0 = Debug|Any CPU
		{A664A587-4523-49A3-84D3-96D72AAB81DA}.Debug|x86.ActiveCfg = Debug|Any CPU
		{A664A587-4523-49A3-84D3-96D72AAB81DA}.Debug|x86.Build.0 = Debug|Any CPU
		{A664A587-4523-49A3-84D3-96D72AAB81DA}.Release|Any CPU.ActiveCfg = Release|Any CPU
		{A664A587-4523-49A3-84D3-96D72AAB81DA}.Release|Any CPU.Build.0 = Release|Any CPU
		{A664A587-4523-49A3-84D3-96D72AAB81DA}.Release|x64.ActiveCfg = Release|Any CPU
		{A664A587-4523-49A3-84D3-96D72AAB81DA}.Release|x64.Build.0 = Release|Any CPU
		{A664A587-4523-49A3-84D3-96D72AAB81DA}.Release|x86.ActiveCfg = Release|Any CPU
		{A664A587-4523-49A3-84D3-96D72AAB81DA}.Release|x86.Build.0 = Release|Any CPU
		{27581187-7E29-4884-A867-0230390752DF}.Debug|Any CPU.ActiveCfg = Debug|Any CPU
		{27581187-7E29-4884-A867-0230390752DF}.Debug|Any CPU.Build.0 = Debug|Any CPU
		{27581187-7E29-4884-A867-0230390752DF}.Debug|x64.ActiveCfg = Debug|Any CPU
		{27581187-7E29-4884-A867-0230390752DF}.Debug|x64.Build.0 = Debug|Any CPU
		{27581187-7E29-4884-A867-0230390752DF}.Debug|x86.ActiveCfg = Debug|Any CPU
		{27581187-7E29-4884-A867-0230390752DF}.Debug|x86.Build.0 = Debug|Any CPU
		{27581187-7E29-4884-A867-0230390752DF}.Release|Any CPU.ActiveCfg = Release|Any CPU
		{27581187-7E29-4884-A867-0230390752DF}.Release|Any CPU.Build.0 = Release|Any CPU
		{27581187-7E29-4884-A867-0230390752DF}.Release|x64.ActiveCfg = Release|Any CPU
		{27581187-7E29-4884-A867-0230390752DF}.Release|x64.Build.0 = Release|Any CPU
		{27581187-7E29-4884-A867-0230390752DF}.Release|x86.ActiveCfg = Release|Any CPU
		{27581187-7E29-4884-A867-0230390752DF}.Release|x86.Build.0 = Release|Any CPU
		{07E51DE7-B345-421B-8221-54AA245DD41D}.Debug|Any CPU.ActiveCfg = Debug|Any CPU
		{07E51DE7-B345-421B-8221-54AA245DD41D}.Debug|Any CPU.Build.0 = Debug|Any CPU
		{07E51DE7-B345-421B-8221-54AA245DD41D}.Debug|x64.ActiveCfg = Debug|Any CPU
		{07E51DE7-B345-421B-8221-54AA245DD41D}.Debug|x64.Build.0 = Debug|Any CPU
		{07E51DE7-B345-421B-8221-54AA245DD41D}.Debug|x86.ActiveCfg = Debug|Any CPU
		{07E51DE7-B345-421B-8221-54AA245DD41D}.Debug|x86.Build.0 = Debug|Any CPU
		{07E51DE7-B345-421B-8221-54AA245DD41D}.Release|Any CPU.ActiveCfg = Release|Any CPU
		{07E51DE7-B345-421B-8221-54AA245DD41D}.Release|Any CPU.Build.0 = Release|Any CPU
		{07E51DE7-B345-421B-8221-54AA245DD41D}.Release|x64.ActiveCfg = Release|Any CPU
		{07E51DE7-B345-421B-8221-54AA245DD41D}.Release|x64.Build.0 = Release|Any CPU
		{07E51DE7-B345-421B-8221-54AA245DD41D}.Release|x86.ActiveCfg = Release|Any CPU
		{07E51DE7-B345-421B-8221-54AA245DD41D}.Release|x86.Build.0 = Release|Any CPU
	EndGlobalSection
	GlobalSection(SolutionProperties) = preSolution
		HideSolutionNode = FALSE
	EndGlobalSection
EndGlobal
