
Microsoft Visual Studio Solution File, Format Version 12.00
# Visual Studio Version 17
VisualStudioVersion = 17.7.34024.191
MinimumVisualStudioVersion = 10.0.40219.1
Project("{9A19103F-16F7-4668-BE54-9A1E7A4F7556}") = "VisualtimeSecureConnect", "Drivers\SecureConnect\VisualtimeSecureConnect.csproj", "{AC513BBF-C809-4F0D-812F-EE92BE67171B}"
EndProject
Project("{FAE04EC0-301F-11D3-BF4B-00C04F79EFBC}") = "Visualtime SC Updater", "Drivers\Visualtime SC Updater\Visualtime SC Updater.csproj", "{97A66665-2C15-46F6-BF9D-8CDFF6B14CFF}"
EndProject
Global
	GlobalSection(SolutionConfigurationPlatforms) = preSolution
		Debug|Any CPU = Debug|Any CPU
		Release|Any CPU = Release|Any CPU
	EndGlobalSection
	GlobalSection(ProjectConfigurationPlatforms) = postSolution
		{AC513BBF-C809-4F0D-812F-EE92BE67171B}.Debug|Any CPU.ActiveCfg = Debug|Any CPU
		{AC513BBF-C809-4F0D-812F-EE92BE67171B}.Debug|Any CPU.Build.0 = Debug|Any CPU
		{AC513BBF-C809-4F0D-812F-EE92BE67171B}.Release|Any CPU.ActiveCfg = Release|Any CPU
		{AC513BBF-C809-4F0D-812F-EE92BE67171B}.Release|Any CPU.Build.0 = Release|Any CPU
		{97A66665-2C15-46F6-BF9D-8CDFF6B14CFF}.Debug|Any CPU.ActiveCfg = Debug|Any CPU
		{97A66665-2C15-46F6-BF9D-8CDFF6B14CFF}.Debug|Any CPU.Build.0 = Debug|Any CPU
		{97A66665-2C15-46F6-BF9D-8CDFF6B14CFF}.Release|Any CPU.ActiveCfg = Release|Any CPU
		{97A66665-2C15-46F6-BF9D-8CDFF6B14CFF}.Release|Any CPU.Build.0 = Release|Any CPU
	EndGlobalSection
	GlobalSection(SolutionProperties) = preSolution
		HideSolutionNode = FALSE
	EndGlobalSection
	GlobalSection(ExtensibilityGlobals) = postSolution
		SolutionGuid = {AA75F88B-85DF-489A-9AA2-AEEC3C71CC38}
	EndGlobalSection
EndGlobal
